lockfileVersion: '9.0'

settings:
  autoInstallPeers: true
  excludeLinksFromLockfile: false

overrides:
  react: 19.1.1
  react-dom: 19.1.1
  '@types/react': 19.1.1
  '@types/react-dom': 19.1.1

importers:

  .:
    devDependencies:
      '@axe-core/playwright':
        specifier: ^4.10.0
        version: 4.11.1(playwright-core@1.59.1)
      '@playwright/test':
        specifier: ^1.58.2
        version: 1.59.1
      prettier:
        specifier: ^3.2.5
        version: 3.8.2
      turbo:
        specifier: ^2.0.14
        version: 2.9.6

packages:

  '@axe-core/playwright@4.11.1':
    resolution: {integrity: sha512-mKEfoUIB1MkVTht0BGZFXtSAEKXMJoDkyV5YZ9jbBmZCcWDz71tegNsdTkIN8zc/yMi5Gm2kx7Z5YQ9PfWNAWw==}
    peerDependencies:
      playwright-core: '>= 1.0.0'

  '@playwright/test@1.59.1':
    resolution: {integrity: sha512-PG6q63nQg5c9rIi4/Z5lR5IVF7yU5MqmKaPOe0HSc0O2cX1fPi96sUQu5j7eo4gKCkB2AnNGoWt7y4/Xx3Kcqg==}
    engines: {node: '>=18'}
    hasBin: true

  '@turbo/darwin-64@2.9.6':
    resolution: {integrity: sha512-X/56SnVXIQZBLKwniGTwEQTGmtE5brSACnKMBWpY3YafuxVYefrC2acamfjgxP7BG5w3I+6jf0UrLoSzgPcSJg==}
    cpu: [x64]
    os: [darwin]

  '@turbo/darwin-arm64@2.9.6':
    resolution: {integrity: sha512-aalBeSl4agT/QtYGDyf/XLajedWzUC9Vg/pm/YO6QQ93vkQ91Vz5uK1ta5RbVRDozQSz4njxUNqRNmOXDzW+qw==}
    cpu: [arm64]
    os: [darwin]

  '@turbo/linux-64@2.9.6':
    resolution: {integrity: sha512-YKi05jnNHaD7vevgYwahpzGwbsNNTwzU2c7VZdmdFm7+cGDP4oREUWSsainiMfRqjRuolQxBwRn8wf1jmu+YZA==}
    cpu: [x64]
    os: [linux]

  '@turbo/linux-arm64@2.9.6':
    resolution: {integrity: sha512-02o/ZS69cOYEDczXvOB2xmyrtzjQ2hVFtWZK1iqxXUfzMmTjZK4UumrfNnjckSg+gqeBfnPRHa0NstA173Ik3g==}
    cpu: [arm64]
    os: [linux]

  '@turbo/windows-64@2.9.6':
    resolution: {integrity: sha512-wVdQjvnBI15wB6JrA+43CtUtagjIMmX6XYO758oZHAsCNSxqRlJtdyujih0D8OCnwCRWiGWGI63zAxR0hO6s9g==}
    cpu: [x64]
    os: [win32]

  '@turbo/windows-arm64@2.9.6':
    resolution: {integrity: sha512-1XUUyWW0W6FTSqGEhU8RHVqb2wP1SPkr7hIvBlMEwH9jr+sJQK5kqeosLJ/QaUv4ecSAd1ZhIrLoW7qslAzT4A==}
    cpu: [arm64]
    os: [win32]

  axe-core@4.11.3:
    resolution: {integrity: sha512-zBQouZixDTbo3jMGqHKyePxYxr1e5W8UdTmBQ7sNtaA9M2bE32daxxPLS/jojhKOHxQ7LWwPjfiwf/fhaJWzlg==}
    engines: {node: '>=4'}

  fsevents@2.3.2:
    resolution: {integrity: sha512-xiqMQR4xAeHTuB9uWm+fFRcIOgKBMiOBP+eXiyT7jsgVCq1bkVygt00oASowB7EdtpOHaaPgKt812P9ab+DDKA==}
    engines: {node: ^8.16.0 || ^10.6.0 || >=11.0.0}
    os: [darwin]

  playwright-core@1.59.1:
    resolution: {integrity: sha512-HBV/RJg81z5BiiZ9yPzIiClYV/QMsDCKUyogwH9p3MCP6IYjUFu/MActgYAvK0oWyV9NlwM3GLBjADyWgydVyg==}
    engines: {node: '>=18'}
    hasBin: true

  playwright@1.59.1:
    resolution: {integrity: sha512-C8oWjPR3F81yljW9o5OxcWzfh6avkVwDD2VYdwIGqTkl+OGFISgypqzfu7dOe4QNLL2aqcWBmI3PMtLIK233lw==}
    engines: {node: '>=18'}
    hasBin: true

  prettier@3.8.2:
    resolution: {integrity: sha512-8c3mgTe0ASwWAJK+78dpviD+A8EqhndQPUBpNUIPt6+xWlIigCwfN01lWr9MAede4uqXGTEKeQWTvzb3vjia0Q==}
    engines: {node: '>=14'}
    hasBin: true

  turbo@2.9.6:
    resolution: {integrity: sha512-+v2QJey7ZUeUiuigkU+uFfklvNUyPI2VO2vBpMYJA+a1hKFLFiKtUYlRHdb3P9CrAvMzi0upbjI4WT+zKtqkBg==}
    hasBin: true

snapshots:

  '@axe-core/playwright@4.11.1(playwright-core@1.59.1)':
    dependencies:
      axe-core: 4.11.3
      playwright-core: 1.59.1

  '@playwright/test@1.59.1':
    dependencies:
      playwright: 1.59.1

  '@turbo/darwin-64@2.9.6':
    optional: true

  '@turbo/darwin-arm64@2.9.6':
    optional: true

  '@turbo/linux-64@2.9.6':
    optional: true

  '@turbo/linux-arm64@2.9.6':
    optional: true

  '@turbo/windows-64@2.9.6':
    optional: true

  '@turbo/windows-arm64@2.9.6':
    optional: true

  axe-core@4.11.3: {}

  fsevents@2.3.2:
    optional: true

  playwright-core@1.59.1: {}

  playwright@1.59.1:
    dependencies:
      playwright-core: 1.59.1
    optionalDependencies:
      fsevents: 2.3.2

  prettier@3.8.2: {}

  turbo@2.9.6:
    optionalDependencies:
      '@turbo/darwin-64': 2.9.6
      '@turbo/darwin-arm64': 2.9.6
      '@turbo/linux-64': 2.9.6
      '@turbo/linux-arm64': 2.9.6
      '@turbo/windows-64': 2.9.6
      '@turbo/windows-arm64': 2.9.6
